
Microsoft Visual Studio Solution File, Format Version 12.00
# Visual Studio Version 17
VisualStudioVersion = 17.3.32922.545
MinimumVisualStudioVersion = 10.0.40219.1
Project("{8BC9CEB8-8B4A-11D0-8D11-00A0C91BC942}") = "Pitch and Notes", "Pitch and Notes.vcxproj", "{4CB7E349-9163-4C59-94D3-15B1385D5F2F}"
EndProject
Global
	GlobalSection(SolutionConfigurationPlatforms) = preSolution
		Debug|x64 = Debug|x64
		Debug|x86 = Debug|x86
		Release|x64 = Release|x64
		Release|x86 = Release|x86
	EndGlobalSection
	GlobalSection(ProjectConfigurationPlatforms) = postSolution
		{4CB7E349-9163-4C59-94D3-15B1385D5F2F}.Debug|x64.ActiveCfg = Debug|x64
		{4CB7E349-9163-4C59-94D3-15B1385D5F2F}.Debug|x64.Build.0 = Debug|x64
		{4CB7E349-9163-4C59-94D3-15B1385D5F2F}.Debug|x86.ActiveCfg = Debug|Win32
		{4CB7E349-9163-4C59-94D3-15B1385D5F2F}.Debug|x86.Build.0 = Debug|Win32
		{4CB7E349-9163-4C59-94D3-15B1385D5F2F}.Release|x64.ActiveCfg = Release|x64
		{4CB7E349-9163-4C59-94D3-15B1385D5F2F}.Release|x64.Build.0 = Release|x64
		{4CB7E349-9163-4C59-94D3-15B1385D5F2F}.Release|x86.ActiveCfg = Release|Win32
		{4CB7E349-9163-4C59-94D3-15B1385D5F2F}.Release|x86.Build.0 = Release|Win32
	EndGlobalSection
	GlobalSection(SolutionProperties) = preSolution
		HideSolutionNode = FALSE
	EndGlobalSection
	GlobalSection(ExtensibilityGlobals) = postSolution
		SolutionGuid = {5A2DC5E8-20C6-4549-929B-B6CD35C22BB9}
	EndGlobalSection
EndGlobal
